{
  "version": 4,
  "terraform_version": "1.3.6",
  "serial": 441,
  "lineage": "f2c135dd-6d42-b2a7-99a6-a0776f5cdb3e",
  "outputs": {},
  "resources": [
    {
      "mode": "managed",
      "type": "aws_secretsmanager_secret",
      "name": "password",
      "provider": "provider[\"registry.terraform.io/hashicorp/aws\"]",
      "instances": [
        {
          "schema_version": 0,
          "attributes": {
            "arn": "arn:aws:secretsmanager:us-east-1:040148700404:secret:terraform-postgres-secrets-lw8gtR",
            "description": "",
            "force_overwrite_replica_secret": false,
            "id": "arn:aws:secretsmanager:us-east-1:040148700404:secret:terraform-postgres-secrets-lw8gtR",
            "kms_key_id": "",
            "name": "terraform-postgres-secrets",
            "name_prefix": "",
            "policy": "",
            "recovery_window_in_days": 30,
            "replica": [],
            "rotation_enabled": false,
            "rotation_lambda_arn": "",
            "rotation_rules": [],
            "tags": {},
            "tags_all": {}
          },
          "sensitive_attributes": [],
          "private": "bnVsbA=="
        }
      ]
    },
    {
      "module": "module.db_cluster",
      "mode": "managed",
      "type": "aws_rds_cluster",
      "name": "rds_cluster",
      "provider": "provider[\"registry.terraform.io/hashicorp/aws\"]",
      "instances": [
        {
          "index_key": 0,
          "schema_version": 0,
          "attributes": {
            "allocated_storage": 100,
            "allow_major_version_upgrade": false,
            "apply_immediately": false,
            "arn": "arn:aws:rds:us-east-1:040148700404:cluster:terraform-postgresql-1-us-east-1",
            "availability_zones": [
              "us-east-1a",
              "us-east-1d",
              "us-east-1f"
            ],
            "backtrack_window": 0,
            "backup_retention_period": 7,
            "cluster_identifier": "terraform-postgresql-1-us-east-1",
            "cluster_identifier_prefix": null,
            "cluster_members": [
              "terraform-postgresql-1-us-east-1-instance-1",
              "terraform-postgresql-1-us-east-1-instance-2",
              "terraform-postgresql-1-us-east-1-instance-3"
            ],
            "cluster_resource_id": "cluster-4EUAUJS7HI76K5BFZEGEMMLTDA",
            "copy_tags_to_snapshot": false,
            "database_name": "postgresterraform",
            "db_cluster_instance_class": "db.m5d.xlarge",
            "db_cluster_parameter_group_name": "default.postgres13",
            "db_instance_parameter_group_name": null,
            "db_subnet_group_name": "default",
            "deletion_protection": true,
            "enable_global_write_forwarding": false,
            "enable_http_endpoint": false,
            "enabled_cloudwatch_logs_exports": [
              "postgresql",
              "upgrade"
            ],
            "endpoint": "terraform-postgresql-1-us-east-1.cluster-cly57yz1q5xo.us-east-1.rds.amazonaws.com",
            "engine": "postgres",
            "engine_mode": "provisioned",
            "engine_version": "13.4",
            "engine_version_actual": "13.4",
            "final_snapshot_identifier": null,
            "global_cluster_identifier": "",
            "hosted_zone_id": "Z2R2ITUGPM61AM",
            "iam_database_authentication_enabled": false,
            "iam_roles": [],
            "id": "terraform-postgresql-1-us-east-1",
            "iops": 1000,
            "kms_key_id": "arn:aws:kms:us-east-1:040148700404:key/a848e293-774a-4713-9351-5fa86addf728",
            "master_password": "arn:aws:secretsmanager:us-east-1:040148700404:secret:terraform-postgres-secrets-lw8gtR",
            "master_username": "postgresuser",
            "network_type": "IPV4",
            "port": 5432,
            "preferred_backup_window": "02:00-03:00",
            "preferred_maintenance_window": "mon:04:00-mon:05:00",
            "reader_endpoint": "terraform-postgresql-1-us-east-1.cluster-ro-cly57yz1q5xo.us-east-1.rds.amazonaws.com",
            "replication_source_identifier": "",
            "restore_to_point_in_time": [],
            "s3_import": [],
            "scaling_configuration": [],
            "serverlessv2_scaling_configuration": [],
            "skip_final_snapshot": true,
            "snapshot_identifier": "",
            "source_region": null,
            "storage_encrypted": true,
            "storage_type": "io1",
            "tags": {},
            "tags_all": {},
            "timeouts": {
              "create": null,
              "delete": null,
              "update": null
            },
            "vpc_security_group_ids": [
              "sg-061d609a1a44ccc1e"
            ]
          },
          "sensitive_attributes": [],
          "private": "eyJlMmJmYjczMC1lY2FhLTExZTYtOGY4OC0zNDM2M2JjN2M0YzAiOnsiY3JlYXRlIjo3MjAwMDAwMDAwMDAwLCJkZWxldGUiOjcyMDAwMDAwMDAwMDAsInVwZGF0ZSI6NzIwMDAwMDAwMDAwMH19",
          "dependencies": [
            "aws_secretsmanager_secret.password",
            "module.db_cluster.aws_cloudwatch_log_group.this",
            "module.db_cluster.random_id.snapshot_identifier"
          ]
        }
      ]
    }
  ],
  "check_results": null
}
