{
  "version": 4,
  "terraform_version": "1.3.6",
  "serial": 210,
  "lineage": "180626b1-9e61-41ea-ee5e-4c72fcf4b3c3",
  "outputs": {},
  "resources": [
    {
      "module": "module.vpc",
      "mode": "managed",
      "type": "aws_db_subnet_group",
      "name": "database",
      "provider": "provider[\"registry.terraform.io/hashicorp/aws\"]",
      "instances": [
        {
          "index_key": 0,
          "schema_version": 0,
          "attributes": {
            "arn": "arn:aws:rds:us-west-2:040148700404:subgrp:terra",
            "description": "Database subnet group for terra",
            "id": "terra",
            "name": "terra",
            "name_prefix": "",
            "subnet_ids": [
              "subnet-020c836a36cd86e19",
              "subnet-02bd89dd30faf9326",
              "subnet-0ade687d3b81b0a12"
            ],
            "supported_network_types": [
              "IPV4"
            ],
            "tags": {
              "Example": "terra",
              "GithubOrg": "terraform-aws-modules",
              "GithubRepo": "terraform-aws-vpc",
              "Name": "terra"
            },
            "tags_all": {
              "Example": "terra",
              "GithubOrg": "terraform-aws-modules",
              "GithubRepo": "terraform-aws-vpc",
              "Name": "terra"
            }
          },
          "sensitive_attributes": [],
          "private": "bnVsbA==",
          "dependencies": [
            "module.vpc.aws_subnet.database",
            "module.vpc.aws_vpc.this",
            "module.vpc.aws_vpc_ipv4_cidr_block_association.this"
          ]
        }
      ]
    },
    {
      "module": "module.vpc",
      "mode": "managed",
      "type": "aws_subnet",
      "name": "database",
      "provider": "provider[\"registry.terraform.io/hashicorp/aws\"]",
      "instances": [
        {
          "index_key": 0,
          "schema_version": 1,
          "attributes": {
            "arn": "arn:aws:ec2:us-west-2:040148700404:subnet/subnet-020c836a36cd86e19",
            "assign_ipv6_address_on_creation": false,
            "availability_zone": "us-west-2a",
            "availability_zone_id": "usw2-az1",
            "cidr_block": "10.0.201.0/24",
            "customer_owned_ipv4_pool": "",
            "enable_dns64": false,
            "enable_resource_name_dns_a_record_on_launch": false,
            "enable_resource_name_dns_aaaa_record_on_launch": false,
            "id": "subnet-020c836a36cd86e19",
            "ipv6_cidr_block": "",
            "ipv6_cidr_block_association_id": "",
            "ipv6_native": false,
            "map_customer_owned_ip_on_launch": false,
            "map_public_ip_on_launch": false,
            "outpost_arn": "",
            "owner_id": "040148700404",
            "private_dns_hostname_type_on_launch": "ip-name",
            "tags": {
              "Example": "terra",
              "GithubOrg": "terraform-aws-modules",
              "GithubRepo": "terraform-aws-vpc",
              "Name": "DB Subnet One"
            },
            "tags_all": {
              "Example": "terra",
              "GithubOrg": "terraform-aws-modules",
              "GithubRepo": "terraform-aws-vpc",
              "Name": "DB Subnet One"
            },
            "timeouts": null,
            "vpc_id": "vpc-05f7407d0bed5efe6"
          },
          "sensitive_attributes": [],
          "private": "eyJlMmJmYjczMC1lY2FhLTExZTYtOGY4OC0zNDM2M2JjN2M0YzAiOnsiY3JlYXRlIjo2MDAwMDAwMDAwMDAsImRlbGV0ZSI6MTIwMDAwMDAwMDAwMH0sInNjaGVtYV92ZXJzaW9uIjoiMSJ9",
          "dependencies": [
            "module.vpc.aws_vpc.this",
            "module.vpc.aws_vpc_ipv4_cidr_block_association.this"
          ]
        },
        {
          "index_key": 1,
          "schema_version": 1,
          "attributes": {
            "arn": "arn:aws:ec2:us-west-2:040148700404:subnet/subnet-02bd89dd30faf9326",
            "assign_ipv6_address_on_creation": false,
            "availability_zone": "us-west-2b",
            "availability_zone_id": "usw2-az2",
            "cidr_block": "10.0.202.0/24",
            "customer_owned_ipv4_pool": "",
            "enable_dns64": false,
            "enable_resource_name_dns_a_record_on_launch": false,
            "enable_resource_name_dns_aaaa_record_on_launch": false,
            "id": "subnet-02bd89dd30faf9326",
            "ipv6_cidr_block": "",
            "ipv6_cidr_block_association_id": "",
            "ipv6_native": false,
            "map_customer_owned_ip_on_launch": false,
            "map_public_ip_on_launch": false,
            "outpost_arn": "",
            "owner_id": "040148700404",
            "private_dns_hostname_type_on_launch": "ip-name",
            "tags": {
              "Example": "terra",
              "GithubOrg": "terraform-aws-modules",
              "GithubRepo": "terraform-aws-vpc",
              "Name": "DB Subnet Two"
            },
            "tags_all": {
              "Example": "terra",
              "GithubOrg": "terraform-aws-modules",
              "GithubRepo": "terraform-aws-vpc",
              "Name": "DB Subnet Two"
            },
            "timeouts": null,
            "vpc_id": "vpc-05f7407d0bed5efe6"
          },
          "sensitive_attributes": [],
          "private": "eyJlMmJmYjczMC1lY2FhLTExZTYtOGY4OC0zNDM2M2JjN2M0YzAiOnsiY3JlYXRlIjo2MDAwMDAwMDAwMDAsImRlbGV0ZSI6MTIwMDAwMDAwMDAwMH0sInNjaGVtYV92ZXJzaW9uIjoiMSJ9",
          "dependencies": [
            "module.vpc.aws_vpc.this",
            "module.vpc.aws_vpc_ipv4_cidr_block_association.this"
          ]
        },
        {
          "index_key": 2,
          "schema_version": 1,
          "attributes": {
            "arn": "arn:aws:ec2:us-west-2:040148700404:subnet/subnet-0ade687d3b81b0a12",
            "assign_ipv6_address_on_creation": false,
            "availability_zone": "us-west-2c",
            "availability_zone_id": "usw2-az3",
            "cidr_block": "10.0.203.0/24",
            "customer_owned_ipv4_pool": "",
            "enable_dns64": false,
            "enable_resource_name_dns_a_record_on_launch": false,
            "enable_resource_name_dns_aaaa_record_on_launch": false,
            "id": "subnet-0ade687d3b81b0a12",
            "ipv6_cidr_block": "",
            "ipv6_cidr_block_association_id": "",
            "ipv6_native": false,
            "map_customer_owned_ip_on_launch": false,
            "map_public_ip_on_launch": false,
            "outpost_arn": "",
            "owner_id": "040148700404",
            "private_dns_hostname_type_on_launch": "ip-name",
            "tags": {
              "Example": "terra",
              "GithubOrg": "terraform-aws-modules",
              "GithubRepo": "terraform-aws-vpc",
              "Name": "DB Subnet Three"
            },
            "tags_all": {
              "Example": "terra",
              "GithubOrg": "terraform-aws-modules",
              "GithubRepo": "terraform-aws-vpc",
              "Name": "DB Subnet Three"
            },
            "timeouts": null,
            "vpc_id": "vpc-05f7407d0bed5efe6"
          },
          "sensitive_attributes": [],
          "private": "eyJlMmJmYjczMC1lY2FhLTExZTYtOGY4OC0zNDM2M2JjN2M0YzAiOnsiY3JlYXRlIjo2MDAwMDAwMDAwMDAsImRlbGV0ZSI6MTIwMDAwMDAwMDAwMH0sInNjaGVtYV92ZXJzaW9uIjoiMSJ9",
          "dependencies": [
            "module.vpc.aws_vpc.this",
            "module.vpc.aws_vpc_ipv4_cidr_block_association.this"
          ]
        }
      ]
    },
    {
      "module": "module.vpc",
      "mode": "managed",
      "type": "aws_vpc",
      "name": "this",
      "provider": "provider[\"registry.terraform.io/hashicorp/aws\"]",
      "instances": [
        {
          "index_key": 0,
          "schema_version": 1,
          "attributes": {
            "arn": "arn:aws:ec2:us-west-2:040148700404:vpc/vpc-05f7407d0bed5efe6",
            "assign_generated_ipv6_cidr_block": false,
            "cidr_block": "10.0.0.0/16",
            "default_network_acl_id": "acl-057c50027468f3d24",
            "default_route_table_id": "rtb-0ffa49adfa258457f",
            "default_security_group_id": "sg-06989b7816930b29d",
            "dhcp_options_id": "dopt-00c3912e189cd9c2b",
            "enable_classiclink": false,
            "enable_classiclink_dns_support": false,
            "enable_dns_hostnames": true,
            "enable_dns_support": true,
            "enable_network_address_usage_metrics": false,
            "id": "vpc-05f7407d0bed5efe6",
            "instance_tenancy": "default",
            "ipv4_ipam_pool_id": null,
            "ipv4_netmask_length": null,
            "ipv6_association_id": "",
            "ipv6_cidr_block": "",
            "ipv6_cidr_block_network_border_group": "",
            "ipv6_ipam_pool_id": "",
            "ipv6_netmask_length": 0,
            "main_route_table_id": "rtb-0ffa49adfa258457f",
            "owner_id": "040148700404",
            "tags": {
              "Example": "terra",
              "GithubOrg": "terraform-aws-modules",
              "GithubRepo": "terraform-aws-vpc",
              "Name": "terra"
            },
            "tags_all": {
              "Example": "terra",
              "GithubOrg": "terraform-aws-modules",
              "GithubRepo": "terraform-aws-vpc",
              "Name": "terra"
            }
          },
          "sensitive_attributes": [],
          "private": "eyJzY2hlbWFfdmVyc2lvbiI6IjEifQ=="
        }
      ]
    }
  ],
  "check_results": null
}
