{
  "version": 4,
  "terraform_version": "1.3.1",
  "serial": 184,
  "lineage": "4ab05ef1-3860-4260-7308-b4efa5756fcb",
  "outputs": {
    "db_instance_arn": {
      "value": "arn:aws:rds:us-east-1:040148700404:cluster:terraform-restore-cluster-us-east-1",
      "type": "string"
    },
    "db_instance_availability_zone": {
      "value": [
        "us-east-1a",
        "us-east-1d",
        "us-east-1f"
      ],
      "type": [
        "set",
        "string"
      ]
    },
    "db_instance_cloudwatch_log_groups": {
      "value": {},
      "type": [
        "object",
        {}
      ]
    },
    "db_instance_endpoint": {
      "value": "terraform-restore-cluster-us-east-1.cluster-cly57yz1q5xo.us-east-1.rds.amazonaws.com",
      "type": "string"
    },
    "db_instance_engine": {
      "value": "postgres",
      "type": "string"
    },
    "db_instance_engine_version_actual": {
      "value": "13.4",
      "type": "string"
    },
    "db_instance_hosted_zone_id": {
      "value": "Z2R2ITUGPM61AM",
      "type": "string"
    },
    "db_instance_id": {
      "value": "terraform-restore-cluster-us-east-1",
      "type": "string"
    },
    "db_instance_password": {
      "value": "arn:aws:secretsmanager:us-east-1:040148700404:secret:rds-multi-az-cluster-6-HyDWjQ",
      "type": "string",
      "sensitive": true
    },
    "db_instance_port": {
      "value": 5432,
      "type": "number"
    },
    "db_instance_username": {
      "value": "postgresuser",
      "type": "string",
      "sensitive": true
    },
    "snapshot_identifier": {
      "value": "arn:aws:rds:us-east-1:040148700404:cluster-snapshot:rds:terraform-postgres-multiaz-cluster-2022-11-15-06-38",
      "type": "string"
    }
  },
  "resources": [
    {
      "mode": "data",
      "type": "aws_db_cluster_snapshot",
      "name": "db_snapshot",
      "provider": "provider[\"registry.terraform.io/hashicorp/aws\"]",
      "instances": [
        {
          "schema_version": 0,
          "attributes": {
            "allocated_storage": 400,
            "availability_zones": [],
            "db_cluster_identifier": "terraform-postgres-multiaz-cluster",
            "db_cluster_snapshot_arn": "arn:aws:rds:us-east-1:040148700404:cluster-snapshot:rds:terraform-postgres-multiaz-cluster-2022-11-15-06-38",
            "db_cluster_snapshot_identifier": "rds:terraform-postgres-multiaz-cluster-2022-11-15-06-38",
            "engine": "postgres",
            "engine_version": "13.4",
            "id": "rds:terraform-postgres-multiaz-cluster-2022-11-15-06-38",
            "include_public": false,
            "include_shared": false,
            "kms_key_id": "arn:aws:kms:us-east-1:040148700404:key/a848e293-774a-4713-9351-5fa86addf728",
            "license_model": "postgres",
            "most_recent": true,
            "port": 0,
            "snapshot_create_time": "2022-11-15T06:38:32Z",
            "snapshot_type": "automated",
            "source_db_cluster_snapshot_arn": "",
            "status": "available",
            "storage_encrypted": true,
            "tags": {},
            "vpc_id": "vpc-036a2cfa66ae5ba9c"
          },
          "sensitive_attributes": []
        }
      ]
    },
    {
      "mode": "data",
      "type": "aws_security_group",
      "name": "default",
      "provider": "provider[\"registry.terraform.io/hashicorp/aws\"]",
      "instances": [
        {
          "schema_version": 0,
          "attributes": {
            "arn": "arn:aws:ec2:us-east-1:040148700404:security-group/sg-04edd209e431e6542",
            "description": "default VPC security group",
            "filter": null,
            "id": "sg-04edd209e431e6542",
            "name": "default",
            "tags": {},
            "timeouts": null,
            "vpc_id": "vpc-09c262d351b8551fc"
          },
          "sensitive_attributes": []
        }
      ]
    },
    {
      "mode": "managed",
      "type": "aws_secretsmanager_secret",
      "name": "password",
      "provider": "provider[\"registry.terraform.io/hashicorp/aws\"]",
      "instances": [
        {
          "schema_version": 0,
          "attributes": {
            "arn": "arn:aws:secretsmanager:us-east-1:040148700404:secret:rds-multi-az-cluster-6-HyDWjQ",
            "description": "",
            "force_overwrite_replica_secret": false,
            "id": "arn:aws:secretsmanager:us-east-1:040148700404:secret:rds-multi-az-cluster-6-HyDWjQ",
            "kms_key_id": "",
            "name": "rds-multi-az-cluster-6",
            "name_prefix": "",
            "policy": "",
            "recovery_window_in_days": 30,
            "replica": [],
            "rotation_enabled": false,
            "rotation_lambda_arn": "",
            "rotation_rules": [],
            "tags": null,
            "tags_all": {}
          },
          "sensitive_attributes": [],
          "private": "bnVsbA=="
        }
      ]
    },
    {
      "mode": "managed",
      "type": "aws_secretsmanager_secret_version",
      "name": "password",
      "provider": "provider[\"registry.terraform.io/hashicorp/aws\"]",
      "instances": [
        {
          "schema_version": 0,
          "attributes": {
            "arn": "arn:aws:secretsmanager:us-east-1:040148700404:secret:rds-multi-az-cluster-6-HyDWjQ",
            "id": "arn:aws:secretsmanager:us-east-1:040148700404:secret:rds-multi-az-cluster-6-HyDWjQ|DEAF5A07-BDF2-4012-B982-7526EFDCFFC0",
            "secret_binary": "",
            "secret_id": "arn:aws:secretsmanager:us-east-1:040148700404:secret:rds-multi-az-cluster-6-HyDWjQ",
            "secret_string": "g9ud9AKrfmOPtz2T",
            "version_id": "DEAF5A07-BDF2-4012-B982-7526EFDCFFC0",
            "version_stages": [
              "AWSCURRENT"
            ]
          },
          "sensitive_attributes": [
            [
              {
                "type": "get_attr",
                "value": "secret_string"
              }
            ]
          ],
          "private": "bnVsbA==",
          "dependencies": [
            "aws_secretsmanager_secret.password",
            "random_password.master"
          ]
        }
      ]
    },
    {
      "mode": "managed",
      "type": "aws_security_group",
      "name": "vpc_tls",
      "provider": "provider[\"registry.terraform.io/hashicorp/aws\"]",
      "instances": [
        {
          "schema_version": 1,
          "attributes": {
            "arn": "arn:aws:ec2:us-east-1:040148700404:security-group/sg-0dfe2c59a176339e6",
            "description": "Allow TLS inbound traffic",
            "egress": [],
            "id": "sg-0dfe2c59a176339e6",
            "ingress": [
              {
                "cidr_blocks": [
                  "10.0.0.0/16"
                ],
                "description": "TLS from VPC",
                "from_port": 5432,
                "ipv6_cidr_blocks": [],
                "prefix_list_ids": [],
                "protocol": "tcp",
                "security_groups": [],
                "self": false,
                "to_port": 5432
              }
            ],
            "name": "terraform-restore-cluster-vpc_tls20221115165953141900000001",
            "name_prefix": "terraform-restore-cluster-vpc_tls",
            "owner_id": "040148700404",
            "revoke_rules_on_delete": false,
            "tags": {
              "Example": "terraform-restore-cluster",
              "GithubOrg": "terraform-aws-modules",
              "GithubRepo": "terraform-aws-vpc"
            },
            "tags_all": {
              "Example": "terraform-restore-cluster",
              "GithubOrg": "terraform-aws-modules",
              "GithubRepo": "terraform-aws-vpc"
            },
            "timeouts": null,
            "vpc_id": "vpc-09c262d351b8551fc"
          },
          "sensitive_attributes": [],
          "private": "eyJlMmJmYjczMC1lY2FhLTExZTYtOGY4OC0zNDM2M2JjN2M0YzAiOnsiY3JlYXRlIjo2MDAwMDAwMDAwMDAsImRlbGV0ZSI6OTAwMDAwMDAwMDAwfSwic2NoZW1hX3ZlcnNpb24iOiIxIn0=",
          "dependencies": [
            "module.vpc.aws_vpc.this"
          ]
        }
      ]
    },
    {
      "mode": "managed",
      "type": "random_password",
      "name": "master",
      "provider": "provider[\"registry.terraform.io/hashicorp/random\"]",
      "instances": [
        {
          "schema_version": 3,
          "attributes": {
            "bcrypt_hash": "$2a$10$oVKX6ZuyLcTqe0LjpVrhTOLKYL/2iu1j3T2Fq3IcPKY4JizfDlmqK",
            "id": "none",
            "keepers": null,
            "length": 16,
            "lower": true,
            "min_lower": 0,
            "min_numeric": 0,
            "min_special": 0,
            "min_upper": 0,
            "number": true,
            "numeric": true,
            "override_special": "_!%^",
            "result": "g9ud9AKrfmOPtz2T",
            "special": true,
            "upper": true
          },
          "sensitive_attributes": []
        }
      ]
    },
    {
      "module": "module.db_cluster",
      "mode": "data",
      "type": "aws_iam_policy_document",
      "name": "enhanced_monitoring",
      "provider": "provider[\"registry.terraform.io/hashicorp/aws\"]",
      "instances": [
        {
          "schema_version": 0,
          "attributes": {
            "id": "1813475199",
            "json": "{\n  \"Version\": \"2012-10-17\",\n  \"Statement\": [\n    {\n      \"Sid\": \"\",\n      \"Effect\": \"Allow\",\n      \"Action\": \"sts:AssumeRole\",\n      \"Principal\": {\n        \"Service\": \"monitoring.rds.amazonaws.com\"\n      }\n    }\n  ]\n}",
            "override_json": null,
            "override_policy_documents": null,
            "policy_id": null,
            "source_json": null,
            "source_policy_documents": null,
            "statement": [
              {
                "actions": [
                  "sts:AssumeRole"
                ],
                "condition": [],
                "effect": "Allow",
                "not_actions": [],
                "not_principals": [],
                "not_resources": [],
                "principals": [
                  {
                    "identifiers": [
                      "monitoring.rds.amazonaws.com"
                    ],
                    "type": "Service"
                  }
                ],
                "resources": [],
                "sid": ""
              }
            ],
            "version": "2012-10-17"
          },
          "sensitive_attributes": []
        }
      ]
    },
    {
      "module": "module.db_cluster",
      "mode": "data",
      "type": "aws_partition",
      "name": "current",
      "provider": "provider[\"registry.terraform.io/hashicorp/aws\"]",
      "instances": [
        {
          "schema_version": 0,
          "attributes": {
            "dns_suffix": "amazonaws.com",
            "id": "aws",
            "partition": "aws",
            "reverse_dns_prefix": "com.amazonaws"
          },
          "sensitive_attributes": []
        }
      ]
    },
    {
      "module": "module.db_cluster",
      "mode": "managed",
      "type": "aws_rds_cluster",
      "name": "rds_cluster",
      "provider": "provider[\"registry.terraform.io/hashicorp/aws\"]",
      "instances": [
        {
          "index_key": 0,
          "schema_version": 0,
          "attributes": {
            "allocated_storage": 400,
            "allow_major_version_upgrade": false,
            "apply_immediately": false,
            "arn": "arn:aws:rds:us-east-1:040148700404:cluster:terraform-restore-cluster-us-east-1",
            "availability_zones": [
              "us-east-1a",
              "us-east-1d",
              "us-east-1f"
            ],
            "backtrack_window": 0,
            "backup_retention_period": 1,
            "cluster_identifier": "terraform-restore-cluster-us-east-1",
            "cluster_identifier_prefix": null,
            "cluster_members": [
              "terraform-restore-cluster-us-east-1-instance-1",
              "terraform-restore-cluster-us-east-1-instance-2",
              "terraform-restore-cluster-us-east-1-instance-3"
            ],
            "cluster_resource_id": "cluster-VU4HP67OHGG5WN5N5V4HAREZUQ",
            "copy_tags_to_snapshot": false,
            "database_name": null,
            "db_cluster_instance_class": "db.m5d.xlarge",
            "db_cluster_parameter_group_name": "default.postgres13",
            "db_instance_parameter_group_name": null,
            "db_subnet_group_name": "default",
            "deletion_protection": false,
            "enable_global_write_forwarding": false,
            "enable_http_endpoint": false,
            "enabled_cloudwatch_logs_exports": null,
            "endpoint": "terraform-restore-cluster-us-east-1.cluster-cly57yz1q5xo.us-east-1.rds.amazonaws.com",
            "engine": "postgres",
            "engine_mode": "provisioned",
            "engine_version": "13.4",
            "engine_version_actual": "13.4",
            "final_snapshot_identifier": null,
            "global_cluster_identifier": "",
            "hosted_zone_id": "Z2R2ITUGPM61AM",
            "iam_database_authentication_enabled": false,
            "iam_roles": [],
            "id": "terraform-restore-cluster-us-east-1",
            "iops": 3000,
            "kms_key_id": "arn:aws:kms:us-east-1:040148700404:key/a848e293-774a-4713-9351-5fa86addf728",
            "master_password": "arn:aws:secretsmanager:us-east-1:040148700404:secret:rds-multi-az-cluster-6-HyDWjQ",
            "master_username": "postgres",
            "network_type": "IPV4",
            "port": 5432,
            "preferred_backup_window": "04:02-04:32",
            "preferred_maintenance_window": "thu:07:19-thu:07:49",
            "reader_endpoint": "terraform-restore-cluster-us-east-1.cluster-ro-cly57yz1q5xo.us-east-1.rds.amazonaws.com",
            "replication_source_identifier": "",
            "restore_to_point_in_time": [],
            "s3_import": [],
            "scaling_configuration": [],
            "serverlessv2_scaling_configuration": [],
            "skip_final_snapshot": true,
            "snapshot_identifier": "arn:aws:rds:us-east-1:040148700404:cluster-snapshot:rds:terraform-postgres-multiaz-cluster-2022-11-15-06-38",
            "source_region": null,
            "storage_encrypted": true,
            "storage_type": "io1",
            "tags": null,
            "tags_all": {},
            "timeouts": {
              "create": null,
              "delete": null,
              "update": null
            },
            "vpc_security_group_ids": [
              "sg-061d609a1a44ccc1e"
            ]
          },
          "sensitive_attributes": [],
          "private": "eyJlMmJmYjczMC1lY2FhLTExZTYtOGY4OC0zNDM2M2JjN2M0YzAiOnsiY3JlYXRlIjo3MjAwMDAwMDAwMDAwLCJkZWxldGUiOjcyMDAwMDAwMDAwMDAsInVwZGF0ZSI6NzIwMDAwMDAwMDAwMH19",
          "dependencies": [
            "aws_secretsmanager_secret.password",
            "data.aws_db_cluster_snapshot.db_snapshot",
            "module.db_cluster.aws_cloudwatch_log_group.this",
            "module.db_cluster.random_id.snapshot_identifier"
          ]
        }
      ]
    },
    {
      "module": "module.vpc",
      "mode": "managed",
      "type": "aws_default_network_acl",
      "name": "this",
      "provider": "provider[\"registry.terraform.io/hashicorp/aws\"]",
      "instances": [
        {
          "index_key": 0,
          "schema_version": 0,
          "attributes": {
            "arn": "arn:aws:ec2:us-east-1:040148700404:network-acl/acl-04037740a6c1b1d26",
            "default_network_acl_id": "acl-04037740a6c1b1d26",
            "egress": [
              {
                "action": "allow",
                "cidr_block": "",
                "from_port": 0,
                "icmp_code": null,
                "icmp_type": null,
                "ipv6_cidr_block": "::/0",
                "protocol": "-1",
                "rule_no": 101,
                "to_port": 0
              },
              {
                "action": "allow",
                "cidr_block": "0.0.0.0/0",
                "from_port": 0,
                "icmp_code": null,
                "icmp_type": null,
                "ipv6_cidr_block": "",
                "protocol": "-1",
                "rule_no": 100,
                "to_port": 0
              }
            ],
            "id": "acl-04037740a6c1b1d26",
            "ingress": [
              {
                "action": "allow",
                "cidr_block": "",
                "from_port": 0,
                "icmp_code": null,
                "icmp_type": null,
                "ipv6_cidr_block": "::/0",
                "protocol": "-1",
                "rule_no": 101,
                "to_port": 0
              },
              {
                "action": "allow",
                "cidr_block": "0.0.0.0/0",
                "from_port": 0,
                "icmp_code": null,
                "icmp_type": null,
                "ipv6_cidr_block": "",
                "protocol": "-1",
                "rule_no": 100,
                "to_port": 0
              }
            ],
            "owner_id": "040148700404",
            "subnet_ids": [
              "subnet-00af21ef587c98b6e",
              "subnet-031f1654648510909",
              "subnet-043db8c2e6064fc23",
              "subnet-04f878e87882fbb46",
              "subnet-05b92e87dda38db54",
              "subnet-063d45f5e93f5f45f",
              "subnet-07a6554d44f1e7e65"
            ],
            "tags": {
              "Example": "terraform-restore-cluster",
              "GithubOrg": "terraform-aws-modules",
              "GithubRepo": "terraform-aws-vpc",
              "Name": "terraform-restore-cluster-default"
            },
            "tags_all": {
              "Example": "terraform-restore-cluster",
              "GithubOrg": "terraform-aws-modules",
              "GithubRepo": "terraform-aws-vpc",
              "Name": "terraform-restore-cluster-default"
            },
            "vpc_id": "vpc-09c262d351b8551fc"
          },
          "sensitive_attributes": [],
          "private": "bnVsbA==",
          "dependencies": [
            "module.vpc.aws_vpc.this"
          ]
        }
      ]
    },
    {
      "module": "module.vpc",
      "mode": "managed",
      "type": "aws_default_route_table",
      "name": "default",
      "provider": "provider[\"registry.terraform.io/hashicorp/aws\"]",
      "instances": [
        {
          "index_key": 0,
          "schema_version": 0,
          "attributes": {
            "arn": "arn:aws:ec2:us-east-1:040148700404:route-table/rtb-0984d6d7357d7c76f",
            "default_route_table_id": "rtb-0984d6d7357d7c76f",
            "id": "rtb-0984d6d7357d7c76f",
            "owner_id": "040148700404",
            "propagating_vgws": null,
            "route": [],
            "tags": {
              "Example": "terraform-restore-cluster",
              "GithubOrg": "terraform-aws-modules",
              "GithubRepo": "terraform-aws-vpc",
              "Name": "terraform-restore-cluster-default"
            },
            "tags_all": {
              "Example": "terraform-restore-cluster",
              "GithubOrg": "terraform-aws-modules",
              "GithubRepo": "terraform-aws-vpc",
              "Name": "terraform-restore-cluster-default"
            },
            "timeouts": {
              "create": "5m",
              "update": "5m"
            },
            "vpc_id": "vpc-09c262d351b8551fc"
          },
          "sensitive_attributes": [],
          "private": "eyJlMmJmYjczMC1lY2FhLTExZTYtOGY4OC0zNDM2M2JjN2M0YzAiOnsiY3JlYXRlIjozMDAwMDAwMDAwMDAsInVwZGF0ZSI6MzAwMDAwMDAwMDAwfX0=",
          "dependencies": [
            "module.vpc.aws_vpc.this"
          ]
        }
      ]
    },
    {
      "module": "module.vpc",
      "mode": "managed",
      "type": "aws_default_security_group",
      "name": "this",
      "provider": "provider[\"registry.terraform.io/hashicorp/aws\"]",
      "instances": [
        {
          "index_key": 0,
          "schema_version": 1,
          "attributes": {
            "arn": "arn:aws:ec2:us-east-1:040148700404:security-group/sg-04edd209e431e6542",
            "description": "default VPC security group",
            "egress": [],
            "id": "sg-04edd209e431e6542",
            "ingress": [],
            "name": "default",
            "name_prefix": "",
            "owner_id": "040148700404",
            "revoke_rules_on_delete": false,
            "tags": {
              "Example": "terraform-restore-cluster",
              "GithubOrg": "terraform-aws-modules",
              "GithubRepo": "terraform-aws-vpc",
              "Name": "terraform-restore-cluster-default"
            },
            "tags_all": {
              "Example": "terraform-restore-cluster",
              "GithubOrg": "terraform-aws-modules",
              "GithubRepo": "terraform-aws-vpc",
              "Name": "terraform-restore-cluster-default"
            },
            "vpc_id": "vpc-09c262d351b8551fc"
          },
          "sensitive_attributes": [],
          "private": "eyJzY2hlbWFfdmVyc2lvbiI6IjEifQ==",
          "dependencies": [
            "module.vpc.aws_vpc.this"
          ]
        }
      ]
    },
    {
      "module": "module.vpc",
      "mode": "managed",
      "type": "aws_internet_gateway",
      "name": "this",
      "provider": "provider[\"registry.terraform.io/hashicorp/aws\"]",
      "instances": [
        {
          "index_key": 0,
          "schema_version": 0,
          "attributes": {
            "arn": "arn:aws:ec2:us-east-1:040148700404:internet-gateway/igw-08d4c1765410eb4b7",
            "id": "igw-08d4c1765410eb4b7",
            "owner_id": "040148700404",
            "tags": {
              "Example": "terraform-restore-cluster",
              "GithubOrg": "terraform-aws-modules",
              "GithubRepo": "terraform-aws-vpc",
              "Name": "terraform-restore-cluster"
            },
            "tags_all": {
              "Example": "terraform-restore-cluster",
              "GithubOrg": "terraform-aws-modules",
              "GithubRepo": "terraform-aws-vpc",
              "Name": "terraform-restore-cluster"
            },
            "timeouts": null,
            "vpc_id": "vpc-09c262d351b8551fc"
          },
          "sensitive_attributes": [],
          "private": "eyJlMmJmYjczMC1lY2FhLTExZTYtOGY4OC0zNDM2M2JjN2M0YzAiOnsiY3JlYXRlIjoxMjAwMDAwMDAwMDAwLCJkZWxldGUiOjEyMDAwMDAwMDAwMDAsInVwZGF0ZSI6MTIwMDAwMDAwMDAwMH19",
          "dependencies": [
            "module.vpc.aws_vpc.this",
            "module.vpc.aws_vpc_ipv4_cidr_block_association.this"
          ]
        }
      ]
    },
    {
      "module": "module.vpc",
      "mode": "managed",
      "type": "aws_route",
      "name": "public_internet_gateway",
      "provider": "provider[\"registry.terraform.io/hashicorp/aws\"]",
      "instances": [
        {
          "index_key": 0,
          "schema_version": 0,
          "attributes": {
            "carrier_gateway_id": "",
            "core_network_arn": "",
            "destination_cidr_block": "0.0.0.0/0",
            "destination_ipv6_cidr_block": "",
            "destination_prefix_list_id": "",
            "egress_only_gateway_id": "",
            "gateway_id": "igw-08d4c1765410eb4b7",
            "id": "r-rtb-0aad9d0fa82ef352b1080289494",
            "instance_id": "",
            "instance_owner_id": "",
            "local_gateway_id": "",
            "nat_gateway_id": "",
            "network_interface_id": "",
            "origin": "CreateRoute",
            "route_table_id": "rtb-0aad9d0fa82ef352b",
            "state": "active",
            "timeouts": {
              "create": "5m",
              "delete": null,
              "update": null
            },
            "transit_gateway_id": "",
            "vpc_endpoint_id": "",
            "vpc_peering_connection_id": ""
          },
          "sensitive_attributes": [],
          "private": "eyJlMmJmYjczMC1lY2FhLTExZTYtOGY4OC0zNDM2M2JjN2M0YzAiOnsiY3JlYXRlIjozMDAwMDAwMDAwMDAsImRlbGV0ZSI6MzAwMDAwMDAwMDAwLCJ1cGRhdGUiOjEyMDAwMDAwMDAwMH19",
          "dependencies": [
            "module.vpc.aws_internet_gateway.this",
            "module.vpc.aws_route_table.public",
            "module.vpc.aws_vpc.this",
            "module.vpc.aws_vpc_ipv4_cidr_block_association.this"
          ]
        }
      ]
    },
    {
      "module": "module.vpc",
      "mode": "managed",
      "type": "aws_route_table",
      "name": "database",
      "provider": "provider[\"registry.terraform.io/hashicorp/aws\"]",
      "instances": []
    },
    {
      "module": "module.vpc",
      "mode": "managed",
      "type": "aws_route_table",
      "name": "private",
      "provider": "provider[\"registry.terraform.io/hashicorp/aws\"]",
      "instances": [
        {
          "index_key": 0,
          "schema_version": 0,
          "attributes": {
            "arn": "arn:aws:ec2:us-east-1:040148700404:route-table/rtb-0d50c825a2a0b5a04",
            "id": "rtb-0d50c825a2a0b5a04",
            "owner_id": "040148700404",
            "propagating_vgws": [],
            "route": [],
            "tags": {
              "Example": "terraform-restore-cluster",
              "GithubOrg": "terraform-aws-modules",
              "GithubRepo": "terraform-aws-vpc",
              "Name": "terraform-restore-cluster-private-us-east-1a"
            },
            "tags_all": {
              "Example": "terraform-restore-cluster",
              "GithubOrg": "terraform-aws-modules",
              "GithubRepo": "terraform-aws-vpc",
              "Name": "terraform-restore-cluster-private-us-east-1a"
            },
            "timeouts": null,
            "vpc_id": "vpc-09c262d351b8551fc"
          },
          "sensitive_attributes": [],
          "private": "eyJlMmJmYjczMC1lY2FhLTExZTYtOGY4OC0zNDM2M2JjN2M0YzAiOnsiY3JlYXRlIjozMDAwMDAwMDAwMDAsImRlbGV0ZSI6MzAwMDAwMDAwMDAwLCJ1cGRhdGUiOjEyMDAwMDAwMDAwMH19",
          "dependencies": [
            "module.vpc.aws_vpc.this",
            "module.vpc.aws_vpc_ipv4_cidr_block_association.this"
          ]
        },
        {
          "index_key": 1,
          "schema_version": 0,
          "attributes": {
            "arn": "arn:aws:ec2:us-east-1:040148700404:route-table/rtb-0434576e96181396c",
            "id": "rtb-0434576e96181396c",
            "owner_id": "040148700404",
            "propagating_vgws": [],
            "route": [],
            "tags": {
              "Example": "terraform-restore-cluster",
              "GithubOrg": "terraform-aws-modules",
              "GithubRepo": "terraform-aws-vpc",
              "Name": "terraform-restore-cluster-private-us-east-1b"
            },
            "tags_all": {
              "Example": "terraform-restore-cluster",
              "GithubOrg": "terraform-aws-modules",
              "GithubRepo": "terraform-aws-vpc",
              "Name": "terraform-restore-cluster-private-us-east-1b"
            },
            "timeouts": null,
            "vpc_id": "vpc-09c262d351b8551fc"
          },
          "sensitive_attributes": [],
          "private": "eyJlMmJmYjczMC1lY2FhLTExZTYtOGY4OC0zNDM2M2JjN2M0YzAiOnsiY3JlYXRlIjozMDAwMDAwMDAwMDAsImRlbGV0ZSI6MzAwMDAwMDAwMDAwLCJ1cGRhdGUiOjEyMDAwMDAwMDAwMH19",
          "dependencies": [
            "module.vpc.aws_vpc.this",
            "module.vpc.aws_vpc_ipv4_cidr_block_association.this"
          ]
        },
        {
          "index_key": 2,
          "schema_version": 0,
          "attributes": {
            "arn": "arn:aws:ec2:us-east-1:040148700404:route-table/rtb-0839085e8f772471a",
            "id": "rtb-0839085e8f772471a",
            "owner_id": "040148700404",
            "propagating_vgws": [],
            "route": [],
            "tags": {
              "Example": "terraform-restore-cluster",
              "GithubOrg": "terraform-aws-modules",
              "GithubRepo": "terraform-aws-vpc",
              "Name": "terraform-restore-cluster-private-us-east-1c"
            },
            "tags_all": {
              "Example": "terraform-restore-cluster",
              "GithubOrg": "terraform-aws-modules",
              "GithubRepo": "terraform-aws-vpc",
              "Name": "terraform-restore-cluster-private-us-east-1c"
            },
            "timeouts": null,
            "vpc_id": "vpc-09c262d351b8551fc"
          },
          "sensitive_attributes": [],
          "private": "eyJlMmJmYjczMC1lY2FhLTExZTYtOGY4OC0zNDM2M2JjN2M0YzAiOnsiY3JlYXRlIjozMDAwMDAwMDAwMDAsImRlbGV0ZSI6MzAwMDAwMDAwMDAwLCJ1cGRhdGUiOjEyMDAwMDAwMDAwMH19",
          "dependencies": [
            "module.vpc.aws_vpc.this",
            "module.vpc.aws_vpc_ipv4_cidr_block_association.this"
          ]
        }
      ]
    },
    {
      "module": "module.vpc",
      "mode": "managed",
      "type": "aws_route_table",
      "name": "public",
      "provider": "provider[\"registry.terraform.io/hashicorp/aws\"]",
      "instances": [
        {
          "index_key": 0,
          "schema_version": 0,
          "attributes": {
            "arn": "arn:aws:ec2:us-east-1:040148700404:route-table/rtb-0aad9d0fa82ef352b",
            "id": "rtb-0aad9d0fa82ef352b",
            "owner_id": "040148700404",
            "propagating_vgws": [],
            "route": [],
            "tags": {
              "Example": "terraform-restore-cluster",
              "GithubOrg": "terraform-aws-modules",
              "GithubRepo": "terraform-aws-vpc",
              "Name": "terraform-restore-cluster-public"
            },
            "tags_all": {
              "Example": "terraform-restore-cluster",
              "GithubOrg": "terraform-aws-modules",
              "GithubRepo": "terraform-aws-vpc",
              "Name": "terraform-restore-cluster-public"
            },
            "timeouts": null,
            "vpc_id": "vpc-09c262d351b8551fc"
          },
          "sensitive_attributes": [],
          "private": "eyJlMmJmYjczMC1lY2FhLTExZTYtOGY4OC0zNDM2M2JjN2M0YzAiOnsiY3JlYXRlIjozMDAwMDAwMDAwMDAsImRlbGV0ZSI6MzAwMDAwMDAwMDAwLCJ1cGRhdGUiOjEyMDAwMDAwMDAwMH19",
          "dependencies": [
            "module.vpc.aws_vpc.this",
            "module.vpc.aws_vpc_ipv4_cidr_block_association.this"
          ]
        }
      ]
    },
    {
      "module": "module.vpc",
      "mode": "managed",
      "type": "aws_route_table_association",
      "name": "database",
      "provider": "provider[\"registry.terraform.io/hashicorp/aws\"]",
      "instances": [
        {
          "index_key": 0,
          "schema_version": 0,
          "attributes": {
            "gateway_id": "",
            "id": "rtbassoc-0727e546c0a7e7cc6",
            "route_table_id": "rtb-0d50c825a2a0b5a04",
            "subnet_id": "subnet-05b92e87dda38db54"
          },
          "sensitive_attributes": [],
          "private": "bnVsbA==",
          "dependencies": [
            "module.vpc.aws_route_table.database",
            "module.vpc.aws_route_table.private",
            "module.vpc.aws_subnet.database",
            "module.vpc.aws_vpc.this",
            "module.vpc.aws_vpc_ipv4_cidr_block_association.this"
          ]
        },
        {
          "index_key": 1,
          "schema_version": 0,
          "attributes": {
            "gateway_id": "",
            "id": "rtbassoc-00b6129d13e6b84eb",
            "route_table_id": "rtb-0434576e96181396c",
            "subnet_id": "subnet-031f1654648510909"
          },
          "sensitive_attributes": [],
          "private": "bnVsbA==",
          "dependencies": [
            "module.vpc.aws_route_table.database",
            "module.vpc.aws_route_table.private",
            "module.vpc.aws_subnet.database",
            "module.vpc.aws_vpc.this",
            "module.vpc.aws_vpc_ipv4_cidr_block_association.this"
          ]
        },
        {
          "index_key": 2,
          "schema_version": 0,
          "attributes": {
            "gateway_id": "",
            "id": "rtbassoc-0ce12fa3b6409049c",
            "route_table_id": "rtb-0839085e8f772471a",
            "subnet_id": "subnet-0cb18f6cb3b535ed9"
          },
          "sensitive_attributes": [],
          "private": "bnVsbA==",
          "dependencies": [
            "module.vpc.aws_route_table.database",
            "module.vpc.aws_route_table.private",
            "module.vpc.aws_subnet.database",
            "module.vpc.aws_vpc.this",
            "module.vpc.aws_vpc_ipv4_cidr_block_association.this"
          ]
        }
      ]
    },
    {
      "module": "module.vpc",
      "mode": "managed",
      "type": "aws_route_table_association",
      "name": "private",
      "provider": "provider[\"registry.terraform.io/hashicorp/aws\"]",
      "instances": [
        {
          "index_key": 0,
          "schema_version": 0,
          "attributes": {
            "gateway_id": "",
            "id": "rtbassoc-02febe2e431cfab52",
            "route_table_id": "rtb-0d50c825a2a0b5a04",
            "subnet_id": "subnet-043db8c2e6064fc23"
          },
          "sensitive_attributes": [],
          "private": "bnVsbA==",
          "dependencies": [
            "module.vpc.aws_route_table.private",
            "module.vpc.aws_subnet.private",
            "module.vpc.aws_vpc.this",
            "module.vpc.aws_vpc_ipv4_cidr_block_association.this"
          ]
        },
        {
          "index_key": 1,
          "schema_version": 0,
          "attributes": {
            "gateway_id": "",
            "id": "rtbassoc-0fddd4b45dfb8930e",
            "route_table_id": "rtb-0434576e96181396c",
            "subnet_id": "subnet-063d45f5e93f5f45f"
          },
          "sensitive_attributes": [],
          "private": "bnVsbA==",
          "dependencies": [
            "module.vpc.aws_route_table.private",
            "module.vpc.aws_subnet.private",
            "module.vpc.aws_vpc.this",
            "module.vpc.aws_vpc_ipv4_cidr_block_association.this"
          ]
        },
        {
          "index_key": 2,
          "schema_version": 0,
          "attributes": {
            "gateway_id": "",
            "id": "rtbassoc-0fede91358cb7c2b8",
            "route_table_id": "rtb-0839085e8f772471a",
            "subnet_id": "subnet-07a6554d44f1e7e65"
          },
          "sensitive_attributes": [],
          "private": "bnVsbA==",
          "dependencies": [
            "module.vpc.aws_route_table.private",
            "module.vpc.aws_subnet.private",
            "module.vpc.aws_vpc.this",
            "module.vpc.aws_vpc_ipv4_cidr_block_association.this"
          ]
        }
      ]
    },
    {
      "module": "module.vpc",
      "mode": "managed",
      "type": "aws_route_table_association",
      "name": "public",
      "provider": "provider[\"registry.terraform.io/hashicorp/aws\"]",
      "instances": [
        {
          "index_key": 0,
          "schema_version": 0,
          "attributes": {
            "gateway_id": "",
            "id": "rtbassoc-0020f30768e568c28",
            "route_table_id": "rtb-0aad9d0fa82ef352b",
            "subnet_id": "subnet-04f878e87882fbb46"
          },
          "sensitive_attributes": [],
          "private": "bnVsbA==",
          "dependencies": [
            "module.vpc.aws_route_table.public",
            "module.vpc.aws_subnet.public",
            "module.vpc.aws_vpc.this",
            "module.vpc.aws_vpc_ipv4_cidr_block_association.this"
          ]
        },
        {
          "index_key": 1,
          "schema_version": 0,
          "attributes": {
            "gateway_id": "",
            "id": "rtbassoc-0ea4ffa02fdd6f80d",
            "route_table_id": "rtb-0aad9d0fa82ef352b",
            "subnet_id": "subnet-00af21ef587c98b6e"
          },
          "sensitive_attributes": [],
          "private": "bnVsbA==",
          "dependencies": [
            "module.vpc.aws_route_table.public",
            "module.vpc.aws_subnet.public",
            "module.vpc.aws_vpc.this",
            "module.vpc.aws_vpc_ipv4_cidr_block_association.this"
          ]
        },
        {
          "index_key": 2,
          "schema_version": 0,
          "attributes": {
            "gateway_id": "",
            "id": "rtbassoc-06a3522621142fb76",
            "route_table_id": "rtb-0aad9d0fa82ef352b",
            "subnet_id": "subnet-0620be48c0e12401b"
          },
          "sensitive_attributes": [],
          "private": "bnVsbA==",
          "dependencies": [
            "module.vpc.aws_route_table.public",
            "module.vpc.aws_subnet.public",
            "module.vpc.aws_vpc.this",
            "module.vpc.aws_vpc_ipv4_cidr_block_association.this"
          ]
        }
      ]
    },
    {
      "module": "module.vpc",
      "mode": "managed",
      "type": "aws_subnet",
      "name": "database",
      "provider": "provider[\"registry.terraform.io/hashicorp/aws\"]",
      "instances": [
        {
          "index_key": 0,
          "schema_version": 1,
          "attributes": {
            "arn": "arn:aws:ec2:us-east-1:040148700404:subnet/subnet-05b92e87dda38db54",
            "assign_ipv6_address_on_creation": false,
            "availability_zone": "us-east-1a",
            "availability_zone_id": "use1-az2",
            "cidr_block": "10.0.201.0/24",
            "customer_owned_ipv4_pool": "",
            "enable_dns64": false,
            "enable_resource_name_dns_a_record_on_launch": false,
            "enable_resource_name_dns_aaaa_record_on_launch": false,
            "id": "subnet-05b92e87dda38db54",
            "ipv6_cidr_block": "",
            "ipv6_cidr_block_association_id": "",
            "ipv6_native": false,
            "map_customer_owned_ip_on_launch": false,
            "map_public_ip_on_launch": false,
            "outpost_arn": "",
            "owner_id": "040148700404",
            "private_dns_hostname_type_on_launch": "ip-name",
            "tags": {
              "Example": "terraform-restore-cluster",
              "GithubOrg": "terraform-aws-modules",
              "GithubRepo": "terraform-aws-vpc",
              "Name": "DB Subnet One"
            },
            "tags_all": {
              "Example": "terraform-restore-cluster",
              "GithubOrg": "terraform-aws-modules",
              "GithubRepo": "terraform-aws-vpc",
              "Name": "DB Subnet One"
            },
            "timeouts": null,
            "vpc_id": "vpc-09c262d351b8551fc"
          },
          "sensitive_attributes": [],
          "private": "eyJlMmJmYjczMC1lY2FhLTExZTYtOGY4OC0zNDM2M2JjN2M0YzAiOnsiY3JlYXRlIjo2MDAwMDAwMDAwMDAsImRlbGV0ZSI6MTIwMDAwMDAwMDAwMH0sInNjaGVtYV92ZXJzaW9uIjoiMSJ9",
          "dependencies": [
            "module.vpc.aws_vpc.this",
            "module.vpc.aws_vpc_ipv4_cidr_block_association.this"
          ]
        },
        {
          "index_key": 1,
          "schema_version": 1,
          "attributes": {
            "arn": "arn:aws:ec2:us-east-1:040148700404:subnet/subnet-031f1654648510909",
            "assign_ipv6_address_on_creation": false,
            "availability_zone": "us-east-1b",
            "availability_zone_id": "use1-az4",
            "cidr_block": "10.0.202.0/24",
            "customer_owned_ipv4_pool": "",
            "enable_dns64": false,
            "enable_resource_name_dns_a_record_on_launch": false,
            "enable_resource_name_dns_aaaa_record_on_launch": false,
            "id": "subnet-031f1654648510909",
            "ipv6_cidr_block": "",
            "ipv6_cidr_block_association_id": "",
            "ipv6_native": false,
            "map_customer_owned_ip_on_launch": false,
            "map_public_ip_on_launch": false,
            "outpost_arn": "",
            "owner_id": "040148700404",
            "private_dns_hostname_type_on_launch": "ip-name",
            "tags": {
              "Example": "terraform-restore-cluster",
              "GithubOrg": "terraform-aws-modules",
              "GithubRepo": "terraform-aws-vpc",
              "Name": "DB Subnet Two"
            },
            "tags_all": {
              "Example": "terraform-restore-cluster",
              "GithubOrg": "terraform-aws-modules",
              "GithubRepo": "terraform-aws-vpc",
              "Name": "DB Subnet Two"
            },
            "timeouts": null,
            "vpc_id": "vpc-09c262d351b8551fc"
          },
          "sensitive_attributes": [],
          "private": "eyJlMmJmYjczMC1lY2FhLTExZTYtOGY4OC0zNDM2M2JjN2M0YzAiOnsiY3JlYXRlIjo2MDAwMDAwMDAwMDAsImRlbGV0ZSI6MTIwMDAwMDAwMDAwMH0sInNjaGVtYV92ZXJzaW9uIjoiMSJ9",
          "dependencies": [
            "module.vpc.aws_vpc.this",
            "module.vpc.aws_vpc_ipv4_cidr_block_association.this"
          ]
        },
        {
          "index_key": 2,
          "schema_version": 1,
          "attributes": {
            "arn": "arn:aws:ec2:us-east-1:040148700404:subnet/subnet-0cb18f6cb3b535ed9",
            "assign_ipv6_address_on_creation": false,
            "availability_zone": "us-east-1c",
            "availability_zone_id": "use1-az6",
            "cidr_block": "10.0.203.0/24",
            "customer_owned_ipv4_pool": "",
            "enable_dns64": false,
            "enable_resource_name_dns_a_record_on_launch": false,
            "enable_resource_name_dns_aaaa_record_on_launch": false,
            "id": "subnet-0cb18f6cb3b535ed9",
            "ipv6_cidr_block": "",
            "ipv6_cidr_block_association_id": "",
            "ipv6_native": false,
            "map_customer_owned_ip_on_launch": false,
            "map_public_ip_on_launch": false,
            "outpost_arn": "",
            "owner_id": "040148700404",
            "private_dns_hostname_type_on_launch": "ip-name",
            "tags": {
              "Example": "terraform-restore-cluster",
              "GithubOrg": "terraform-aws-modules",
              "GithubRepo": "terraform-aws-vpc",
              "Name": "DB Subnet Three"
            },
            "tags_all": {
              "Example": "terraform-restore-cluster",
              "GithubOrg": "terraform-aws-modules",
              "GithubRepo": "terraform-aws-vpc",
              "Name": "DB Subnet Three"
            },
            "timeouts": null,
            "vpc_id": "vpc-09c262d351b8551fc"
          },
          "sensitive_attributes": [],
          "private": "eyJlMmJmYjczMC1lY2FhLTExZTYtOGY4OC0zNDM2M2JjN2M0YzAiOnsiY3JlYXRlIjo2MDAwMDAwMDAwMDAsImRlbGV0ZSI6MTIwMDAwMDAwMDAwMH0sInNjaGVtYV92ZXJzaW9uIjoiMSJ9",
          "dependencies": [
            "module.vpc.aws_vpc.this",
            "module.vpc.aws_vpc_ipv4_cidr_block_association.this"
          ]
        }
      ]
    },
    {
      "module": "module.vpc",
      "mode": "managed",
      "type": "aws_subnet",
      "name": "private",
      "provider": "provider[\"registry.terraform.io/hashicorp/aws\"]",
      "instances": [
        {
          "index_key": 0,
          "schema_version": 1,
          "attributes": {
            "arn": "arn:aws:ec2:us-east-1:040148700404:subnet/subnet-043db8c2e6064fc23",
            "assign_ipv6_address_on_creation": false,
            "availability_zone": "us-east-1a",
            "availability_zone_id": "use1-az2",
            "cidr_block": "10.0.1.0/24",
            "customer_owned_ipv4_pool": "",
            "enable_dns64": false,
            "enable_resource_name_dns_a_record_on_launch": false,
            "enable_resource_name_dns_aaaa_record_on_launch": false,
            "id": "subnet-043db8c2e6064fc23",
            "ipv6_cidr_block": "",
            "ipv6_cidr_block_association_id": "",
            "ipv6_native": false,
            "map_customer_owned_ip_on_launch": false,
            "map_public_ip_on_launch": false,
            "outpost_arn": "",
            "owner_id": "040148700404",
            "private_dns_hostname_type_on_launch": "ip-name",
            "tags": {
              "Example": "terraform-restore-cluster",
              "GithubOrg": "terraform-aws-modules",
              "GithubRepo": "terraform-aws-vpc",
              "Name": "Private Subnet One"
            },
            "tags_all": {
              "Example": "terraform-restore-cluster",
              "GithubOrg": "terraform-aws-modules",
              "GithubRepo": "terraform-aws-vpc",
              "Name": "Private Subnet One"
            },
            "timeouts": null,
            "vpc_id": "vpc-09c262d351b8551fc"
          },
          "sensitive_attributes": [],
          "private": "eyJlMmJmYjczMC1lY2FhLTExZTYtOGY4OC0zNDM2M2JjN2M0YzAiOnsiY3JlYXRlIjo2MDAwMDAwMDAwMDAsImRlbGV0ZSI6MTIwMDAwMDAwMDAwMH0sInNjaGVtYV92ZXJzaW9uIjoiMSJ9",
          "dependencies": [
            "module.vpc.aws_vpc.this",
            "module.vpc.aws_vpc_ipv4_cidr_block_association.this"
          ]
        },
        {
          "index_key": 1,
          "schema_version": 1,
          "attributes": {
            "arn": "arn:aws:ec2:us-east-1:040148700404:subnet/subnet-063d45f5e93f5f45f",
            "assign_ipv6_address_on_creation": false,
            "availability_zone": "us-east-1b",
            "availability_zone_id": "use1-az4",
            "cidr_block": "10.0.2.0/24",
            "customer_owned_ipv4_pool": "",
            "enable_dns64": false,
            "enable_resource_name_dns_a_record_on_launch": false,
            "enable_resource_name_dns_aaaa_record_on_launch": false,
            "id": "subnet-063d45f5e93f5f45f",
            "ipv6_cidr_block": "",
            "ipv6_cidr_block_association_id": "",
            "ipv6_native": false,
            "map_customer_owned_ip_on_launch": false,
            "map_public_ip_on_launch": false,
            "outpost_arn": "",
            "owner_id": "040148700404",
            "private_dns_hostname_type_on_launch": "ip-name",
            "tags": {
              "Example": "terraform-restore-cluster",
              "GithubOrg": "terraform-aws-modules",
              "GithubRepo": "terraform-aws-vpc",
              "Name": "Private Subnet Two"
            },
            "tags_all": {
              "Example": "terraform-restore-cluster",
              "GithubOrg": "terraform-aws-modules",
              "GithubRepo": "terraform-aws-vpc",
              "Name": "Private Subnet Two"
            },
            "timeouts": null,
            "vpc_id": "vpc-09c262d351b8551fc"
          },
          "sensitive_attributes": [],
          "private": "eyJlMmJmYjczMC1lY2FhLTExZTYtOGY4OC0zNDM2M2JjN2M0YzAiOnsiY3JlYXRlIjo2MDAwMDAwMDAwMDAsImRlbGV0ZSI6MTIwMDAwMDAwMDAwMH0sInNjaGVtYV92ZXJzaW9uIjoiMSJ9",
          "dependencies": [
            "module.vpc.aws_vpc.this",
            "module.vpc.aws_vpc_ipv4_cidr_block_association.this"
          ]
        },
        {
          "index_key": 2,
          "schema_version": 1,
          "attributes": {
            "arn": "arn:aws:ec2:us-east-1:040148700404:subnet/subnet-07a6554d44f1e7e65",
            "assign_ipv6_address_on_creation": false,
            "availability_zone": "us-east-1c",
            "availability_zone_id": "use1-az6",
            "cidr_block": "10.0.3.0/24",
            "customer_owned_ipv4_pool": "",
            "enable_dns64": false,
            "enable_resource_name_dns_a_record_on_launch": false,
            "enable_resource_name_dns_aaaa_record_on_launch": false,
            "id": "subnet-07a6554d44f1e7e65",
            "ipv6_cidr_block": "",
            "ipv6_cidr_block_association_id": "",
            "ipv6_native": false,
            "map_customer_owned_ip_on_launch": false,
            "map_public_ip_on_launch": false,
            "outpost_arn": "",
            "owner_id": "040148700404",
            "private_dns_hostname_type_on_launch": "ip-name",
            "tags": {
              "Example": "terraform-restore-cluster",
              "GithubOrg": "terraform-aws-modules",
              "GithubRepo": "terraform-aws-vpc",
              "Name": "Private Subnet Three"
            },
            "tags_all": {
              "Example": "terraform-restore-cluster",
              "GithubOrg": "terraform-aws-modules",
              "GithubRepo": "terraform-aws-vpc",
              "Name": "Private Subnet Three"
            },
            "timeouts": null,
            "vpc_id": "vpc-09c262d351b8551fc"
          },
          "sensitive_attributes": [],
          "private": "eyJlMmJmYjczMC1lY2FhLTExZTYtOGY4OC0zNDM2M2JjN2M0YzAiOnsiY3JlYXRlIjo2MDAwMDAwMDAwMDAsImRlbGV0ZSI6MTIwMDAwMDAwMDAwMH0sInNjaGVtYV92ZXJzaW9uIjoiMSJ9",
          "dependencies": [
            "module.vpc.aws_vpc.this",
            "module.vpc.aws_vpc_ipv4_cidr_block_association.this"
          ]
        }
      ]
    },
    {
      "module": "module.vpc",
      "mode": "managed",
      "type": "aws_subnet",
      "name": "public",
      "provider": "provider[\"registry.terraform.io/hashicorp/aws\"]",
      "instances": [
        {
          "index_key": 0,
          "schema_version": 1,
          "attributes": {
            "arn": "arn:aws:ec2:us-east-1:040148700404:subnet/subnet-04f878e87882fbb46",
            "assign_ipv6_address_on_creation": false,
            "availability_zone": "us-east-1a",
            "availability_zone_id": "use1-az2",
            "cidr_block": "10.0.101.0/24",
            "customer_owned_ipv4_pool": "",
            "enable_dns64": false,
            "enable_resource_name_dns_a_record_on_launch": false,
            "enable_resource_name_dns_aaaa_record_on_launch": false,
            "id": "subnet-04f878e87882fbb46",
            "ipv6_cidr_block": "",
            "ipv6_cidr_block_association_id": "",
            "ipv6_native": false,
            "map_customer_owned_ip_on_launch": false,
            "map_public_ip_on_launch": true,
            "outpost_arn": "",
            "owner_id": "040148700404",
            "private_dns_hostname_type_on_launch": "ip-name",
            "tags": {
              "Example": "terraform-restore-cluster",
              "GithubOrg": "terraform-aws-modules",
              "GithubRepo": "terraform-aws-vpc",
              "Name": "terraform-restore-cluster-public-us-east-1a"
            },
            "tags_all": {
              "Example": "terraform-restore-cluster",
              "GithubOrg": "terraform-aws-modules",
              "GithubRepo": "terraform-aws-vpc",
              "Name": "terraform-restore-cluster-public-us-east-1a"
            },
            "timeouts": null,
            "vpc_id": "vpc-09c262d351b8551fc"
          },
          "sensitive_attributes": [],
          "private": "eyJlMmJmYjczMC1lY2FhLTExZTYtOGY4OC0zNDM2M2JjN2M0YzAiOnsiY3JlYXRlIjo2MDAwMDAwMDAwMDAsImRlbGV0ZSI6MTIwMDAwMDAwMDAwMH0sInNjaGVtYV92ZXJzaW9uIjoiMSJ9",
          "dependencies": [
            "module.vpc.aws_vpc.this",
            "module.vpc.aws_vpc_ipv4_cidr_block_association.this"
          ]
        },
        {
          "index_key": 1,
          "schema_version": 1,
          "attributes": {
            "arn": "arn:aws:ec2:us-east-1:040148700404:subnet/subnet-00af21ef587c98b6e",
            "assign_ipv6_address_on_creation": false,
            "availability_zone": "us-east-1b",
            "availability_zone_id": "use1-az4",
            "cidr_block": "10.0.102.0/24",
            "customer_owned_ipv4_pool": "",
            "enable_dns64": false,
            "enable_resource_name_dns_a_record_on_launch": false,
            "enable_resource_name_dns_aaaa_record_on_launch": false,
            "id": "subnet-00af21ef587c98b6e",
            "ipv6_cidr_block": "",
            "ipv6_cidr_block_association_id": "",
            "ipv6_native": false,
            "map_customer_owned_ip_on_launch": false,
            "map_public_ip_on_launch": true,
            "outpost_arn": "",
            "owner_id": "040148700404",
            "private_dns_hostname_type_on_launch": "ip-name",
            "tags": {
              "Example": "terraform-restore-cluster",
              "GithubOrg": "terraform-aws-modules",
              "GithubRepo": "terraform-aws-vpc",
              "Name": "terraform-restore-cluster-public-us-east-1b"
            },
            "tags_all": {
              "Example": "terraform-restore-cluster",
              "GithubOrg": "terraform-aws-modules",
              "GithubRepo": "terraform-aws-vpc",
              "Name": "terraform-restore-cluster-public-us-east-1b"
            },
            "timeouts": null,
            "vpc_id": "vpc-09c262d351b8551fc"
          },
          "sensitive_attributes": [],
          "private": "eyJlMmJmYjczMC1lY2FhLTExZTYtOGY4OC0zNDM2M2JjN2M0YzAiOnsiY3JlYXRlIjo2MDAwMDAwMDAwMDAsImRlbGV0ZSI6MTIwMDAwMDAwMDAwMH0sInNjaGVtYV92ZXJzaW9uIjoiMSJ9",
          "dependencies": [
            "module.vpc.aws_vpc.this",
            "module.vpc.aws_vpc_ipv4_cidr_block_association.this"
          ]
        },
        {
          "index_key": 2,
          "schema_version": 1,
          "attributes": {
            "arn": "arn:aws:ec2:us-east-1:040148700404:subnet/subnet-0620be48c0e12401b",
            "assign_ipv6_address_on_creation": false,
            "availability_zone": "us-east-1c",
            "availability_zone_id": "use1-az6",
            "cidr_block": "10.0.103.0/24",
            "customer_owned_ipv4_pool": "",
            "enable_dns64": false,
            "enable_resource_name_dns_a_record_on_launch": false,
            "enable_resource_name_dns_aaaa_record_on_launch": false,
            "id": "subnet-0620be48c0e12401b",
            "ipv6_cidr_block": "",
            "ipv6_cidr_block_association_id": "",
            "ipv6_native": false,
            "map_customer_owned_ip_on_launch": false,
            "map_public_ip_on_launch": true,
            "outpost_arn": "",
            "owner_id": "040148700404",
            "private_dns_hostname_type_on_launch": "ip-name",
            "tags": {
              "Example": "terraform-restore-cluster",
              "GithubOrg": "terraform-aws-modules",
              "GithubRepo": "terraform-aws-vpc",
              "Name": "terraform-restore-cluster-public-us-east-1c"
            },
            "tags_all": {
              "Example": "terraform-restore-cluster",
              "GithubOrg": "terraform-aws-modules",
              "GithubRepo": "terraform-aws-vpc",
              "Name": "terraform-restore-cluster-public-us-east-1c"
            },
            "timeouts": null,
            "vpc_id": "vpc-09c262d351b8551fc"
          },
          "sensitive_attributes": [],
          "private": "eyJlMmJmYjczMC1lY2FhLTExZTYtOGY4OC0zNDM2M2JjN2M0YzAiOnsiY3JlYXRlIjo2MDAwMDAwMDAwMDAsImRlbGV0ZSI6MTIwMDAwMDAwMDAwMH0sInNjaGVtYV92ZXJzaW9uIjoiMSJ9",
          "dependencies": [
            "module.vpc.aws_vpc.this",
            "module.vpc.aws_vpc_ipv4_cidr_block_association.this"
          ]
        }
      ]
    },
    {
      "module": "module.vpc",
      "mode": "managed",
      "type": "aws_vpc",
      "name": "this",
      "provider": "provider[\"registry.terraform.io/hashicorp/aws\"]",
      "instances": [
        {
          "index_key": 0,
          "schema_version": 1,
          "attributes": {
            "arn": "arn:aws:ec2:us-east-1:040148700404:vpc/vpc-09c262d351b8551fc",
            "assign_generated_ipv6_cidr_block": false,
            "cidr_block": "10.0.0.0/16",
            "default_network_acl_id": "acl-04037740a6c1b1d26",
            "default_route_table_id": "rtb-0984d6d7357d7c76f",
            "default_security_group_id": "sg-04edd209e431e6542",
            "dhcp_options_id": "dopt-0808aff759788e1b2",
            "enable_classiclink": false,
            "enable_classiclink_dns_support": false,
            "enable_dns_hostnames": true,
            "enable_dns_support": true,
            "enable_network_address_usage_metrics": false,
            "id": "vpc-09c262d351b8551fc",
            "instance_tenancy": "default",
            "ipv4_ipam_pool_id": null,
            "ipv4_netmask_length": null,
            "ipv6_association_id": "",
            "ipv6_cidr_block": "",
            "ipv6_cidr_block_network_border_group": "",
            "ipv6_ipam_pool_id": "",
            "ipv6_netmask_length": 0,
            "main_route_table_id": "rtb-0984d6d7357d7c76f",
            "owner_id": "040148700404",
            "tags": {
              "Example": "terraform-restore-cluster",
              "GithubOrg": "terraform-aws-modules",
              "GithubRepo": "terraform-aws-vpc",
              "Name": "terraform-restore-cluster"
            },
            "tags_all": {
              "Example": "terraform-restore-cluster",
              "GithubOrg": "terraform-aws-modules",
              "GithubRepo": "terraform-aws-vpc",
              "Name": "terraform-restore-cluster"
            }
          },
          "sensitive_attributes": [],
          "private": "eyJzY2hlbWFfdmVyc2lvbiI6IjEifQ=="
        }
      ]
    },
    {
      "module": "module.vpc",
      "mode": "managed",
      "type": "aws_vpc_ipv4_cidr_block_association",
      "name": "this",
      "provider": "provider[\"registry.terraform.io/hashicorp/aws\"]",
      "instances": []
    }
  ],
  "check_results": []
}
