{
  "version": 4,
  "terraform_version": "1.3.1",
  "serial": 26,
  "lineage": "1a9c1079-fa19-437c-57a1-cbfe7acaf3df",
  "outputs": {
    "db_enhanced_monitoring_iam_role_arn": {
      "value": "arn:aws:iam::040148700404:role/example-monitoring-role-name-20221114051617670800000001",
      "type": "string"
    },
    "db_instance_address": {
      "value": "",
      "type": "string"
    },
    "db_instance_arn": {
      "value": "",
      "type": "string"
    },
    "db_instance_availability_zone": {
      "value": "",
      "type": "string"
    },
    "db_instance_cloudwatch_log_groups": {
      "value": {
        "postgresql": {
          "arn": "arn:aws:logs:us-east-1:040148700404:log-group:/aws/rds/instance/terraform-mysql-us-east-1/postgresql",
          "id": "/aws/rds/instance/terraform-mysql-us-east-1/postgresql",
          "kms_key_id": "",
          "name": "/aws/rds/instance/terraform-mysql-us-east-1/postgresql",
          "name_prefix": null,
          "retention_in_days": 7,
          "tags": null,
          "tags_all": {}
        },
        "upgrade": {
          "arn": "arn:aws:logs:us-east-1:040148700404:log-group:/aws/rds/instance/terraform-mysql-us-east-1/upgrade",
          "id": "/aws/rds/instance/terraform-mysql-us-east-1/upgrade",
          "kms_key_id": "",
          "name": "/aws/rds/instance/terraform-mysql-us-east-1/upgrade",
          "name_prefix": null,
          "retention_in_days": 7,
          "tags": null,
          "tags_all": {}
        }
      },
      "type": [
        "object",
        {
          "postgresql": [
            "object",
            {
              "arn": "string",
              "id": "string",
              "kms_key_id": "string",
              "name": "string",
              "name_prefix": "string",
              "retention_in_days": "number",
              "tags": [
                "map",
                "string"
              ],
              "tags_all": [
                "map",
                "string"
              ]
            }
          ],
          "upgrade": [
            "object",
            {
              "arn": "string",
              "id": "string",
              "kms_key_id": "string",
              "name": "string",
              "name_prefix": "string",
              "retention_in_days": "number",
              "tags": [
                "map",
                "string"
              ],
              "tags_all": [
                "map",
                "string"
              ]
            }
          ]
        }
      ]
    },
    "db_instance_endpoint": {
      "value": "",
      "type": "string"
    },
    "db_instance_engine": {
      "value": "mysql",
      "type": "string"
    },
    "db_instance_engine_version_actual": {
      "value": "",
      "type": "string"
    },
    "db_instance_hosted_zone_id": {
      "value": "",
      "type": "string"
    },
    "db_instance_id": {
      "value": "",
      "type": "string"
    },
    "db_instance_name": {
      "value": "mysqldb",
      "type": "string"
    },
    "db_instance_password": {
      "value": "",
      "type": "string",
      "sensitive": true
    },
    "db_instance_port": {
      "value": 3306,
      "type": "number"
    },
    "db_instance_resource_id": {
      "value": "",
      "type": "string"
    },
    "db_instance_status": {
      "value": "",
      "type": "string"
    },
    "db_instance_username": {
      "value": "mysqluser",
      "type": "string",
      "sensitive": true
    }
  },
  "resources": [
    {
      "mode": "data",
      "type": "aws_security_group",
      "name": "default",
      "provider": "provider[\"registry.terraform.io/hashicorp/aws\"]",
      "instances": []
    },
    {
      "mode": "managed",
      "type": "aws_secretsmanager_secret",
      "name": "password",
      "provider": "provider[\"registry.terraform.io/hashicorp/aws\"]",
      "instances": [
        {
          "schema_version": 0,
          "attributes": {
            "arn": "arn:aws:secretsmanager:us-east-1:040148700404:secret:rds-mysql-terraform-secret-8LnY7e",
            "description": "",
            "force_overwrite_replica_secret": false,
            "id": "arn:aws:secretsmanager:us-east-1:040148700404:secret:rds-mysql-terraform-secret-8LnY7e",
            "kms_key_id": "",
            "name": "rds-mysql-terraform-secret",
            "name_prefix": "",
            "policy": "",
            "recovery_window_in_days": 30,
            "replica": [],
            "rotation_enabled": false,
            "rotation_lambda_arn": "",
            "rotation_rules": [],
            "tags": null,
            "tags_all": {}
          },
          "sensitive_attributes": [],
          "private": "bnVsbA=="
        }
      ]
    },
    {
      "mode": "managed",
      "type": "aws_secretsmanager_secret_version",
      "name": "password",
      "provider": "provider[\"registry.terraform.io/hashicorp/aws\"]",
      "instances": [
        {
          "schema_version": 0,
          "attributes": {
            "arn": "arn:aws:secretsmanager:us-east-1:040148700404:secret:rds-mysql-terraform-secret-8LnY7e",
            "id": "arn:aws:secretsmanager:us-east-1:040148700404:secret:rds-mysql-terraform-secret-8LnY7e|A5EFE0FD-670A-4233-B93C-AE76AA6EDEA7",
            "secret_binary": "",
            "secret_id": "arn:aws:secretsmanager:us-east-1:040148700404:secret:rds-mysql-terraform-secret-8LnY7e",
            "secret_string": "VOz%qm!QuXa0FNOt",
            "version_id": "A5EFE0FD-670A-4233-B93C-AE76AA6EDEA7",
            "version_stages": [
              "AWSCURRENT"
            ]
          },
          "sensitive_attributes": [
            [
              {
                "type": "get_attr",
                "value": "secret_string"
              }
            ]
          ],
          "private": "bnVsbA==",
          "dependencies": [
            "aws_secretsmanager_secret.password",
            "random_password.master"
          ]
        }
      ]
    },
    {
      "mode": "managed",
      "type": "aws_security_group",
      "name": "vpc_tls",
      "provider": "provider[\"registry.terraform.io/hashicorp/aws\"]",
      "instances": []
    },
    {
      "mode": "managed",
      "type": "random_password",
      "name": "master",
      "provider": "provider[\"registry.terraform.io/hashicorp/random\"]",
      "instances": [
        {
          "schema_version": 3,
          "attributes": {
            "bcrypt_hash": "$2a$10$C0QD8LPVIjJvM8oW2FbZFeDlS5LxsOJdKFY6lfeqxdjskusB.iMpO",
            "id": "none",
            "keepers": null,
            "length": 16,
            "lower": true,
            "min_lower": 0,
            "min_numeric": 0,
            "min_special": 0,
            "min_upper": 0,
            "number": true,
            "numeric": true,
            "override_special": "_!%^",
            "result": "VOz%qm!QuXa0FNOt",
            "special": true,
            "upper": true
          },
          "sensitive_attributes": []
        }
      ]
    },
    {
      "module": "module.db",
      "mode": "data",
      "type": "aws_iam_policy_document",
      "name": "enhanced_monitoring",
      "provider": "provider[\"registry.terraform.io/hashicorp/aws\"]",
      "instances": [
        {
          "schema_version": 0,
          "attributes": {
            "id": "1813475199",
            "json": "{\n  \"Version\": \"2012-10-17\",\n  \"Statement\": [\n    {\n      \"Sid\": \"\",\n      \"Effect\": \"Allow\",\n      \"Action\": \"sts:AssumeRole\",\n      \"Principal\": {\n        \"Service\": \"monitoring.rds.amazonaws.com\"\n      }\n    }\n  ]\n}",
            "override_json": null,
            "override_policy_documents": null,
            "policy_id": null,
            "source_json": null,
            "source_policy_documents": null,
            "statement": [
              {
                "actions": [
                  "sts:AssumeRole"
                ],
                "condition": [],
                "effect": "Allow",
                "not_actions": [],
                "not_principals": [],
                "not_resources": [],
                "principals": [
                  {
                    "identifiers": [
                      "monitoring.rds.amazonaws.com"
                    ],
                    "type": "Service"
                  }
                ],
                "resources": [],
                "sid": ""
              }
            ],
            "version": "2012-10-17"
          },
          "sensitive_attributes": []
        }
      ]
    },
    {
      "module": "module.db",
      "mode": "data",
      "type": "aws_partition",
      "name": "current",
      "provider": "provider[\"registry.terraform.io/hashicorp/aws\"]",
      "instances": [
        {
          "schema_version": 0,
          "attributes": {
            "dns_suffix": "amazonaws.com",
            "id": "aws",
            "partition": "aws",
            "reverse_dns_prefix": "com.amazonaws"
          },
          "sensitive_attributes": []
        }
      ]
    },
    {
      "module": "module.db",
      "mode": "managed",
      "type": "aws_cloudwatch_log_group",
      "name": "this",
      "provider": "provider[\"registry.terraform.io/hashicorp/aws\"]",
      "instances": [
        {
          "index_key": "postgresql",
          "schema_version": 0,
          "attributes": {
            "arn": "arn:aws:logs:us-east-1:040148700404:log-group:/aws/rds/instance/terraform-mysql-us-east-1/postgresql",
            "id": "/aws/rds/instance/terraform-mysql-us-east-1/postgresql",
            "kms_key_id": "",
            "name": "/aws/rds/instance/terraform-mysql-us-east-1/postgresql",
            "name_prefix": null,
            "retention_in_days": 7,
            "tags": null,
            "tags_all": {}
          },
          "sensitive_attributes": [],
          "private": "bnVsbA=="
        },
        {
          "index_key": "upgrade",
          "schema_version": 0,
          "attributes": {
            "arn": "arn:aws:logs:us-east-1:040148700404:log-group:/aws/rds/instance/terraform-mysql-us-east-1/upgrade",
            "id": "/aws/rds/instance/terraform-mysql-us-east-1/upgrade",
            "kms_key_id": "",
            "name": "/aws/rds/instance/terraform-mysql-us-east-1/upgrade",
            "name_prefix": null,
            "retention_in_days": 7,
            "tags": null,
            "tags_all": {}
          },
          "sensitive_attributes": [],
          "private": "bnVsbA=="
        }
      ]
    },
    {
      "module": "module.db",
      "mode": "managed",
      "type": "aws_iam_role",
      "name": "enhanced_monitoring",
      "provider": "provider[\"registry.terraform.io/hashicorp/aws\"]",
      "instances": [
        {
          "index_key": 0,
          "schema_version": 0,
          "attributes": {
            "arn": "arn:aws:iam::040148700404:role/example-monitoring-role-name-20221114051617670800000001",
            "assume_role_policy": "{\"Statement\":[{\"Action\":\"sts:AssumeRole\",\"Effect\":\"Allow\",\"Principal\":{\"Service\":\"monitoring.rds.amazonaws.com\"},\"Sid\":\"\"}],\"Version\":\"2012-10-17\"}",
            "create_date": "2022-11-14T05:16:19Z",
            "description": "Description for monitoring role",
            "force_detach_policies": false,
            "id": "example-monitoring-role-name-20221114051617670800000001",
            "inline_policy": [],
            "managed_policy_arns": [],
            "max_session_duration": 3600,
            "name": "example-monitoring-role-name-20221114051617670800000001",
            "name_prefix": "example-monitoring-role-name-",
            "path": "/",
            "permissions_boundary": null,
            "tags": {
              "Name": "example-monitoring-role-name"
            },
            "tags_all": {
              "Name": "example-monitoring-role-name"
            },
            "unique_id": "AROAQSWIMRT2EUSN5WF5C"
          },
          "sensitive_attributes": [],
          "private": "bnVsbA==",
          "dependencies": [
            "module.db.data.aws_iam_policy_document.enhanced_monitoring"
          ]
        }
      ]
    },
    {
      "module": "module.db",
      "mode": "managed",
      "type": "aws_iam_role_policy_attachment",
      "name": "enhanced_monitoring",
      "provider": "provider[\"registry.terraform.io/hashicorp/aws\"]",
      "instances": [
        {
          "index_key": 0,
          "schema_version": 0,
          "attributes": {
            "id": "example-monitoring-role-name-20221114051617670800000001-20221114051619720000000002",
            "policy_arn": "arn:aws:iam::aws:policy/service-role/AmazonRDSEnhancedMonitoringRole",
            "role": "example-monitoring-role-name-20221114051617670800000001"
          },
          "sensitive_attributes": [],
          "private": "bnVsbA==",
          "dependencies": [
            "module.db.aws_iam_role.enhanced_monitoring",
            "module.db.data.aws_iam_policy_document.enhanced_monitoring",
            "module.db.data.aws_partition.current"
          ]
        }
      ]
    },
    {
      "module": "module.db",
      "mode": "managed",
      "type": "random_id",
      "name": "snapshot_identifier",
      "provider": "provider[\"registry.terraform.io/hashicorp/random\"]",
      "instances": []
    },
    {
      "module": "module.vpc",
      "mode": "managed",
      "type": "aws_db_subnet_group",
      "name": "database",
      "provider": "provider[\"registry.terraform.io/hashicorp/aws\"]",
      "instances": []
    },
    {
      "module": "module.vpc",
      "mode": "managed",
      "type": "aws_default_network_acl",
      "name": "this",
      "provider": "provider[\"registry.terraform.io/hashicorp/aws\"]",
      "instances": []
    },
    {
      "module": "module.vpc",
      "mode": "managed",
      "type": "aws_default_route_table",
      "name": "default",
      "provider": "provider[\"registry.terraform.io/hashicorp/aws\"]",
      "instances": []
    },
    {
      "module": "module.vpc",
      "mode": "managed",
      "type": "aws_default_security_group",
      "name": "this",
      "provider": "provider[\"registry.terraform.io/hashicorp/aws\"]",
      "instances": []
    },
    {
      "module": "module.vpc",
      "mode": "managed",
      "type": "aws_internet_gateway",
      "name": "this",
      "provider": "provider[\"registry.terraform.io/hashicorp/aws\"]",
      "instances": []
    },
    {
      "module": "module.vpc",
      "mode": "managed",
      "type": "aws_route",
      "name": "public_internet_gateway",
      "provider": "provider[\"registry.terraform.io/hashicorp/aws\"]",
      "instances": []
    },
    {
      "module": "module.vpc",
      "mode": "managed",
      "type": "aws_route_table",
      "name": "database",
      "provider": "provider[\"registry.terraform.io/hashicorp/aws\"]",
      "instances": []
    },
    {
      "module": "module.vpc",
      "mode": "managed",
      "type": "aws_route_table",
      "name": "private",
      "provider": "provider[\"registry.terraform.io/hashicorp/aws\"]",
      "instances": []
    },
    {
      "module": "module.vpc",
      "mode": "managed",
      "type": "aws_route_table",
      "name": "public",
      "provider": "provider[\"registry.terraform.io/hashicorp/aws\"]",
      "instances": []
    },
    {
      "module": "module.vpc",
      "mode": "managed",
      "type": "aws_route_table_association",
      "name": "database",
      "provider": "provider[\"registry.terraform.io/hashicorp/aws\"]",
      "instances": []
    },
    {
      "module": "module.vpc",
      "mode": "managed",
      "type": "aws_route_table_association",
      "name": "private",
      "provider": "provider[\"registry.terraform.io/hashicorp/aws\"]",
      "instances": []
    },
    {
      "module": "module.vpc",
      "mode": "managed",
      "type": "aws_route_table_association",
      "name": "public",
      "provider": "provider[\"registry.terraform.io/hashicorp/aws\"]",
      "instances": []
    },
    {
      "module": "module.vpc",
      "mode": "managed",
      "type": "aws_subnet",
      "name": "database",
      "provider": "provider[\"registry.terraform.io/hashicorp/aws\"]",
      "instances": []
    },
    {
      "module": "module.vpc",
      "mode": "managed",
      "type": "aws_subnet",
      "name": "private",
      "provider": "provider[\"registry.terraform.io/hashicorp/aws\"]",
      "instances": []
    },
    {
      "module": "module.vpc",
      "mode": "managed",
      "type": "aws_subnet",
      "name": "public",
      "provider": "provider[\"registry.terraform.io/hashicorp/aws\"]",
      "instances": []
    },
    {
      "module": "module.vpc",
      "mode": "managed",
      "type": "aws_vpc_ipv4_cidr_block_association",
      "name": "this",
      "provider": "provider[\"registry.terraform.io/hashicorp/aws\"]",
      "instances": []
    }
  ],
  "check_results": []
}
